// !$*UTF8*$!
{
	archiveVersion = 1;
	classes = {
	};
	objectVersion = 46;
	objects = {

/* Begin PBXBuildFile section */
		83B958731E6B1F1900B72434 /* Game.swift in Sources */ = {isa = PBXBuildFile; fileRef = 83B958721E6B1F1900B72434 /* Game.swift */; };
		83B958751E6B21B000B72434 /* Level.swift in Sources */ = {isa = PBXBuildFile; fileRef = 83B958741E6B21B000B72434 /* Level.swift */; };
		83B9587A1E6B42F300B72434 /* Alamofire.framework in Frameworks */ = {isa = PBXBuildFile; fileRef = 83B958791E6B42F300B72434 /* Alamofire.framework */; };
		83B9587D1E6B436000B72434 /* DataProvider.swift in Sources */ = {isa = PBXBuildFile; fileRef = 83B9587C1E6B436000B72434 /* DataProvider.swift */; };
		83B9587F1E6B456700B72434 /* Router.swift in Sources */ = {isa = PBXBuildFile; fileRef = 83B9587E1E6B456700B72434 /* Router.swift */; };
		83B958811E6B46E200B72434 /* KeychainAccess.framework in Frameworks */ = {isa = PBXBuildFile; fileRef = 83B958801E6B46E200B72434 /* KeychainAccess.framework */; };
		83B958831E6B4B4700B72434 /* LeaderboardViewController.swift in Sources */ = {isa = PBXBuildFile; fileRef = 83B958821E6B4B4700B72434 /* LeaderboardViewController.swift */; };
		83B958851E6B509A00B72434 /* ResponseObjectSerializable.swift in Sources */ = {isa = PBXBuildFile; fileRef = 83B958841E6B509A00B72434 /* ResponseObjectSerializable.swift */; };
		83B958871E6B540200B72434 /* UIAlertControllerExtension.swift in Sources */ = {isa = PBXBuildFile; fileRef = 83B958861E6B540200B72434 /* UIAlertControllerExtension.swift */; };
		83B9588A1E6B61C000B72434 /* CoinNode.m in Sources */ = {isa = PBXBuildFile; fileRef = 83B958891E6B61C000B72434 /* CoinNode.m */; };
		863A53451E6B0D7C00D89F24 /* main.m in Sources */ = {isa = PBXBuildFile; fileRef = 863A53441E6B0D7C00D89F24 /* main.m */; };
		863A53481E6B0D7C00D89F24 /* AppDelegate.m in Sources */ = {isa = PBXBuildFile; fileRef = 863A53471E6B0D7C00D89F24 /* AppDelegate.m */; };
		863A534B1E6B0D7C00D89F24 /* ViewController.m in Sources */ = {isa = PBXBuildFile; fileRef = 863A534A1E6B0D7C00D89F24 /* ViewController.m */; };
		863A534E1E6B0D7C00D89F24 /* Main.storyboard in Resources */ = {isa = PBXBuildFile; fileRef = 863A534C1E6B0D7C00D89F24 /* Main.storyboard */; };
		863A53501E6B0D7C00D89F24 /* Assets.xcassets in Resources */ = {isa = PBXBuildFile; fileRef = 863A534F1E6B0D7C00D89F24 /* Assets.xcassets */; };
		863A53531E6B0D7C00D89F24 /* LaunchScreen.storyboard in Resources */ = {isa = PBXBuildFile; fileRef = 863A53511E6B0D7C00D89F24 /* LaunchScreen.storyboard */; };
		863A535E1E6B0D7C00D89F24 /* Schulzzug_iOSTests.m in Sources */ = {isa = PBXBuildFile; fileRef = 863A535D1E6B0D7C00D89F24 /* Schulzzug_iOSTests.m */; };
		863A53691E6B0D7C00D89F24 /* Schulzzug_iOSUITests.m in Sources */ = {isa = PBXBuildFile; fileRef = 863A53681E6B0D7C00D89F24 /* Schulzzug_iOSUITests.m */; };
		863A53781E6B0F9B00D89F24 /* GameViewController.m in Sources */ = {isa = PBXBuildFile; fileRef = 863A53771E6B0F9B00D89F24 /* GameViewController.m */; };
		863A537E1E6B1A2900D89F24 /* GameScene.m in Sources */ = {isa = PBXBuildFile; fileRef = 863A537D1E6B1A2900D89F24 /* GameScene.m */; };
		863A53841E6B1FB200D89F24 /* RailsNode.m in Sources */ = {isa = PBXBuildFile; fileRef = 863A53831E6B1FB200D89F24 /* RailsNode.m */; };
		863A538D1E6B201100D89F24 /* BackgroundParallax.m in Sources */ = {isa = PBXBuildFile; fileRef = 863A538C1E6B201100D89F24 /* BackgroundParallax.m */; };
/* End PBXBuildFile section */

/* Begin PBXContainerItemProxy section */
		863A535A1E6B0D7C00D89F24 /* PBXContainerItemProxy */ = {
			isa = PBXContainerItemProxy;
			containerPortal = 863A53381E6B0D7C00D89F24 /* Project object */;
			proxyType = 1;
			remoteGlobalIDString = 863A533F1E6B0D7C00D89F24;
			remoteInfo = "Schulzzug-iOS";
		};
		863A53651E6B0D7C00D89F24 /* PBXContainerItemProxy */ = {
			isa = PBXContainerItemProxy;
			containerPortal = 863A53381E6B0D7C00D89F24 /* Project object */;
			proxyType = 1;
			remoteGlobalIDString = 863A533F1E6B0D7C00D89F24;
			remoteInfo = "Schulzzug-iOS";
		};
/* End PBXContainerItemProxy section */

/* Begin PBXFileReference section */
		83B958711E6B1F1800B72434 /* Schulzzug-iOS-Bridging-Header.h */ = {isa = PBXFileReference; lastKnownFileType = sourcecode.c.h; path = "Schulzzug-iOS-Bridging-Header.h"; sourceTree = "<group>"; };
		83B958721E6B1F1900B72434 /* Game.swift */ = {isa = PBXFileReference; fileEncoding = 4; lastKnownFileType = sourcecode.swift; path = Game.swift; sourceTree = "<group>"; };
		83B958741E6B21B000B72434 /* Level.swift */ = {isa = PBXFileReference; fileEncoding = 4; lastKnownFileType = sourcecode.swift; path = Level.swift; sourceTree = "<group>"; };
		83B958771E6B42E300B72434 /* Alamofire */ = {isa = PBXFileReference; lastKnownFileType = "compiled.mach-o.dylib"; name = Alamofire; path = Carthage/Build/iOS/Alamofire.framework/Alamofire; sourceTree = "<group>"; };
		83B958791E6B42F300B72434 /* Alamofire.framework */ = {isa = PBXFileReference; lastKnownFileType = wrapper.framework; name = Alamofire.framework; path = Carthage/Build/iOS/Alamofire.framework; sourceTree = "<group>"; };
		83B9587C1E6B436000B72434 /* DataProvider.swift */ = {isa = PBXFileReference; fileEncoding = 4; lastKnownFileType = sourcecode.swift; path = DataProvider.swift; sourceTree = "<group>"; };
		83B9587E1E6B456700B72434 /* Router.swift */ = {isa = PBXFileReference; fileEncoding = 4; lastKnownFileType = sourcecode.swift; path = Router.swift; sourceTree = "<group>"; };
		83B958801E6B46E200B72434 /* KeychainAccess.framework */ = {isa = PBXFileReference; lastKnownFileType = wrapper.framework; name = KeychainAccess.framework; path = Carthage/Build/iOS/KeychainAccess.framework; sourceTree = "<group>"; };
		83B958821E6B4B4700B72434 /* LeaderboardViewController.swift */ = {isa = PBXFileReference; fileEncoding = 4; lastKnownFileType = sourcecode.swift; path = LeaderboardViewController.swift; sourceTree = "<group>"; };
		83B958841E6B509A00B72434 /* ResponseObjectSerializable.swift */ = {isa = PBXFileReference; fileEncoding = 4; lastKnownFileType = sourcecode.swift; path = ResponseObjectSerializable.swift; sourceTree = "<group>"; };
		83B958861E6B540200B72434 /* UIAlertControllerExtension.swift */ = {isa = PBXFileReference; fileEncoding = 4; lastKnownFileType = sourcecode.swift; path = UIAlertControllerExtension.swift; sourceTree = "<group>"; };
		83B958881E6B61C000B72434 /* CoinNode.h */ = {isa = PBXFileReference; fileEncoding = 4; lastKnownFileType = sourcecode.c.h; path = CoinNode.h; sourceTree = "<group>"; };
		83B958891E6B61C000B72434 /* CoinNode.m */ = {isa = PBXFileReference; fileEncoding = 4; lastKnownFileType = sourcecode.c.objc; path = CoinNode.m; sourceTree = "<group>"; };
		863A53401E6B0D7C00D89F24 /* Schulzzug-iOS.app */ = {isa = PBXFileReference; explicitFileType = wrapper.application; includeInIndex = 0; path = "Schulzzug-iOS.app"; sourceTree = BUILT_PRODUCTS_DIR; };
		863A53441E6B0D7C00D89F24 /* main.m */ = {isa = PBXFileReference; lastKnownFileType = sourcecode.c.objc; path = main.m; sourceTree = "<group>"; };
		863A53461E6B0D7C00D89F24 /* AppDelegate.h */ = {isa = PBXFileReference; lastKnownFileType = sourcecode.c.h; path = AppDelegate.h; sourceTree = "<group>"; };
		863A53471E6B0D7C00D89F24 /* AppDelegate.m */ = {isa = PBXFileReference; lastKnownFileType = sourcecode.c.objc; path = AppDelegate.m; sourceTree = "<group>"; };
		863A53491E6B0D7C00D89F24 /* ViewController.h */ = {isa = PBXFileReference; lastKnownFileType = sourcecode.c.h; path = ViewController.h; sourceTree = "<group>"; };
		863A534A1E6B0D7C00D89F24 /* ViewController.m */ = {isa = PBXFileReference; lastKnownFileType = sourcecode.c.objc; path = ViewController.m; sourceTree = "<group>"; };
		863A534D1E6B0D7C00D89F24 /* Base */ = {isa = PBXFileReference; lastKnownFileType = file.storyboard; name = Base; path = Base.lproj/Main.storyboard; sourceTree = "<group>"; };
		863A534F1E6B0D7C00D89F24 /* Assets.xcassets */ = {isa = PBXFileReference; lastKnownFileType = folder.assetcatalog; path = Assets.xcassets; sourceTree = "<group>"; };
		863A53521E6B0D7C00D89F24 /* Base */ = {isa = PBXFileReference; lastKnownFileType = file.storyboard; name = Base; path = Base.lproj/LaunchScreen.storyboard; sourceTree = "<group>"; };
		863A53541E6B0D7C00D89F24 /* Info.plist */ = {isa = PBXFileReference; lastKnownFileType = text.plist.xml; path = Info.plist; sourceTree = "<group>"; };
		863A53591E6B0D7C00D89F24 /* Schulzzug-iOSTests.xctest */ = {isa = PBXFileReference; explicitFileType = wrapper.cfbundle; includeInIndex = 0; path = "Schulzzug-iOSTests.xctest"; sourceTree = BUILT_PRODUCTS_DIR; };
		863A535D1E6B0D7C00D89F24 /* Schulzzug_iOSTests.m */ = {isa = PBXFileReference; lastKnownFileType = sourcecode.c.objc; path = Schulzzug_iOSTests.m; sourceTree = "<group>"; };
		863A535F1E6B0D7C00D89F24 /* Info.plist */ = {isa = PBXFileReference; lastKnownFileType = text.plist.xml; path = Info.plist; sourceTree = "<group>"; };
		863A53641E6B0D7C00D89F24 /* Schulzzug-iOSUITests.xctest */ = {isa = PBXFileReference; explicitFileType = wrapper.cfbundle; includeInIndex = 0; path = "Schulzzug-iOSUITests.xctest"; sourceTree = BUILT_PRODUCTS_DIR; };
		863A53681E6B0D7C00D89F24 /* Schulzzug_iOSUITests.m */ = {isa = PBXFileReference; lastKnownFileType = sourcecode.c.objc; path = Schulzzug_iOSUITests.m; sourceTree = "<group>"; };
		863A536A1E6B0D7C00D89F24 /* Info.plist */ = {isa = PBXFileReference; lastKnownFileType = text.plist.xml; path = Info.plist; sourceTree = "<group>"; };
		863A53761E6B0F9B00D89F24 /* GameViewController.h */ = {isa = PBXFileReference; fileEncoding = 4; lastKnownFileType = sourcecode.c.h; path = GameViewController.h; sourceTree = "<group>"; };
		863A53771E6B0F9B00D89F24 /* GameViewController.m */ = {isa = PBXFileReference; fileEncoding = 4; lastKnownFileType = sourcecode.c.objc; path = GameViewController.m; sourceTree = "<group>"; };
		863A537C1E6B1A2900D89F24 /* GameScene.h */ = {isa = PBXFileReference; fileEncoding = 4; lastKnownFileType = sourcecode.c.h; path = GameScene.h; sourceTree = "<group>"; };
		863A537D1E6B1A2900D89F24 /* GameScene.m */ = {isa = PBXFileReference; fileEncoding = 4; lastKnownFileType = sourcecode.c.objc; path = GameScene.m; sourceTree = "<group>"; };
		863A53821E6B1FB200D89F24 /* RailsNode.h */ = {isa = PBXFileReference; fileEncoding = 4; lastKnownFileType = sourcecode.c.h; path = RailsNode.h; sourceTree = "<group>"; };
		863A53831E6B1FB200D89F24 /* RailsNode.m */ = {isa = PBXFileReference; fileEncoding = 4; lastKnownFileType = sourcecode.c.objc; path = RailsNode.m; sourceTree = "<group>"; };
		863A538B1E6B201100D89F24 /* BackgroundParallax.h */ = {isa = PBXFileReference; fileEncoding = 4; lastKnownFileType = sourcecode.c.h; path = BackgroundParallax.h; sourceTree = "<group>"; };
		863A538C1E6B201100D89F24 /* BackgroundParallax.m */ = {isa = PBXFileReference; fileEncoding = 4; lastKnownFileType = sourcecode.c.objc; path = BackgroundParallax.m; sourceTree = "<group>"; };
/* End PBXFileReference section */

/* Begin PBXFrameworksBuildPhase section */
		863A533D1E6B0D7C00D89F24 /* Frameworks */ = {
			isa = PBXFrameworksBuildPhase;
			buildActionMask = 2147483647;
			files = (
				83B958811E6B46E200B72434 /* KeychainAccess.framework in Frameworks */,
				83B9587A1E6B42F300B72434 /* Alamofire.framework in Frameworks */,
			);
			runOnlyForDeploymentPostprocessing = 0;
		};
		863A53561E6B0D7C00D89F24 /* Frameworks */ = {
			isa = PBXFrameworksBuildPhase;
			buildActionMask = 2147483647;
			files = (
			);
			runOnlyForDeploymentPostprocessing = 0;
		};
		863A53611E6B0D7C00D89F24 /* Frameworks */ = {
			isa = PBXFrameworksBuildPhase;
			buildActionMask = 2147483647;
			files = (
			);
			runOnlyForDeploymentPostprocessing = 0;
		};
/* End PBXFrameworksBuildPhase section */

/* Begin PBXGroup section */
		83B958761E6B42E300B72434 /* Frameworks */ = {
			isa = PBXGroup;
			children = (
				83B958801E6B46E200B72434 /* KeychainAccess.framework */,
				83B958791E6B42F300B72434 /* Alamofire.framework */,
				83B958771E6B42E300B72434 /* Alamofire */,
			);
			name = Frameworks;
			sourceTree = "<group>";
		};
		863A53371E6B0D7C00D89F24 = {
			isa = PBXGroup;
			children = (
				863A53421E6B0D7C00D89F24 /* Schulzzug-iOS */,
				863A535C1E6B0D7C00D89F24 /* Schulzzug-iOSTests */,
				863A53671E6B0D7C00D89F24 /* Schulzzug-iOSUITests */,
				863A53411E6B0D7C00D89F24 /* Products */,
				83B958761E6B42E300B72434 /* Frameworks */,
			);
			sourceTree = "<group>";
		};
		863A53411E6B0D7C00D89F24 /* Products */ = {
			isa = PBXGroup;
			children = (
				863A53401E6B0D7C00D89F24 /* Schulzzug-iOS.app */,
				863A53591E6B0D7C00D89F24 /* Schulzzug-iOSTests.xctest */,
				863A53641E6B0D7C00D89F24 /* Schulzzug-iOSUITests.xctest */,
			);
			name = Products;
			sourceTree = "<group>";
		};
		863A53421E6B0D7C00D89F24 /* Schulzzug-iOS */ = {
			isa = PBXGroup;
			children = (
				863A53461E6B0D7C00D89F24 /* AppDelegate.h */,
				863A53471E6B0D7C00D89F24 /* AppDelegate.m */,
				863A53491E6B0D7C00D89F24 /* ViewController.h */,
				863A534A1E6B0D7C00D89F24 /* ViewController.m */,
				863A53761E6B0F9B00D89F24 /* GameViewController.h */,
				863A53771E6B0F9B00D89F24 /* GameViewController.m */,
				863A537C1E6B1A2900D89F24 /* GameScene.h */,
				863A537D1E6B1A2900D89F24 /* GameScene.m */,
				863A53821E6B1FB200D89F24 /* RailsNode.h */,
				863A53831E6B1FB200D89F24 /* RailsNode.m */,
				83B958881E6B61C000B72434 /* CoinNode.h */,
				83B958891E6B61C000B72434 /* CoinNode.m */,
				863A538B1E6B201100D89F24 /* BackgroundParallax.h */,
				863A538C1E6B201100D89F24 /* BackgroundParallax.m */,
				863A534C1E6B0D7C00D89F24 /* Main.storyboard */,
				863A534F1E6B0D7C00D89F24 /* Assets.xcassets */,
				863A53511E6B0D7C00D89F24 /* LaunchScreen.storyboard */,
				863A53541E6B0D7C00D89F24 /* Info.plist */,
				863A53431E6B0D7C00D89F24 /* Supporting Files */,
				83B958721E6B1F1900B72434 /* Game.swift */,
				83B958711E6B1F1800B72434 /* Schulzzug-iOS-Bridging-Header.h */,
				83B958741E6B21B000B72434 /* Level.swift */,
				83B9587E1E6B456700B72434 /* Router.swift */,
				83B9587C1E6B436000B72434 /* DataProvider.swift */,
				83B958841E6B509A00B72434 /* ResponseObjectSerializable.swift */,
				83B958821E6B4B4700B72434 /* LeaderboardViewController.swift */,
				83B958861E6B540200B72434 /* UIAlertControllerExtension.swift */,
			);
			path = "Schulzzug-iOS";
			sourceTree = "<group>";
		};
		863A53431E6B0D7C00D89F24 /* Supporting Files */ = {
			isa = PBXGroup;
			children = (
				863A53441E6B0D7C00D89F24 /* main.m */,
			);
			name = "Supporting Files";
			sourceTree = "<group>";
		};
		863A535C1E6B0D7C00D89F24 /* Schulzzug-iOSTests */ = {
			isa = PBXGroup;
			children = (
				863A535D1E6B0D7C00D89F24 /* Schulzzug_iOSTests.m */,
				863A535F1E6B0D7C00D89F24 /* Info.plist */,
			);
			path = "Schulzzug-iOSTests";
			sourceTree = "<group>";
		};
		863A53671E6B0D7C00D89F24 /* Schulzzug-iOSUITests */ = {
			isa = PBXGroup;
			children = (
				863A53681E6B0D7C00D89F24 /* Schulzzug_iOSUITests.m */,
				863A536A1E6B0D7C00D89F24 /* Info.plist */,
			);
			path = "Schulzzug-iOSUITests";
			sourceTree = "<group>";
		};
/* End PBXGroup section */

/* Begin PBXNativeTarget section */
		863A533F1E6B0D7C00D89F24 /* Schulzzug-iOS */ = {
			isa = PBXNativeTarget;
			buildConfigurationList = 863A536D1E6B0D7C00D89F24 /* Build configuration list for PBXNativeTarget "Schulzzug-iOS" */;
			buildPhases = (
				863A533C1E6B0D7C00D89F24 /* Sources */,
				863A533D1E6B0D7C00D89F24 /* Frameworks */,
				863A533E1E6B0D7C00D89F24 /* Resources */,
				83B9587B1E6B430C00B72434 /* Copy Frameworks */,
			);
			buildRules = (
			);
			dependencies = (
			);
			name = "Schulzzug-iOS";
			productName = "Schulzzug-iOS";
			productReference = 863A53401E6B0D7C00D89F24 /* Schulzzug-iOS.app */;
			productType = "com.apple.product-type.application";
		};
		863A53581E6B0D7C00D89F24 /* Schulzzug-iOSTests */ = {
			isa = PBXNativeTarget;
			buildConfigurationList = 863A53701E6B0D7C00D89F24 /* Build configuration list for PBXNativeTarget "Schulzzug-iOSTests" */;
			buildPhases = (
				863A53551E6B0D7C00D89F24 /* Sources */,
				863A53561E6B0D7C00D89F24 /* Frameworks */,
				863A53571E6B0D7C00D89F24 /* Resources */,
			);
			buildRules = (
			);
			dependencies = (
				863A535B1E6B0D7C00D89F24 /* PBXTargetDependency */,
			);
			name = "Schulzzug-iOSTests";
			productName = "Schulzzug-iOSTests";
			productReference = 863A53591E6B0D7C00D89F24 /* Schulzzug-iOSTests.xctest */;
			productType = "com.apple.product-type.bundle.unit-test";
		};
		863A53631E6B0D7C00D89F24 /* Schulzzug-iOSUITests */ = {
			isa = PBXNativeTarget;
			buildConfigurationList = 863A53731E6B0D7C00D89F24 /* Build configuration list for PBXNativeTarget "Schulzzug-iOSUITests" */;
			buildPhases = (
				863A53601E6B0D7C00D89F24 /* Sources */,
				863A53611E6B0D7C00D89F24 /* Frameworks */,
				863A53621E6B0D7C00D89F24 /* Resources */,
			);
			buildRules = (
			);
			dependencies = (
				863A53661E6B0D7C00D89F24 /* PBXTargetDependency */,
			);
			name = "Schulzzug-iOSUITests";
			productName = "Schulzzug-iOSUITests";
			productReference = 863A53641E6B0D7C00D89F24 /* Schulzzug-iOSUITests.xctest */;
			productType = "com.apple.product-type.bundle.ui-testing";
		};
/* End PBXNativeTarget section */

/* Begin PBXProject section */
		863A53381E6B0D7C00D89F24 /* Project object */ = {
			isa = PBXProject;
			attributes = {
				LastUpgradeCheck = 0820;
				ORGANIZATIONNAME = "Frederik Riedel";
				TargetAttributes = {
					863A533F1E6B0D7C00D89F24 = {
						CreatedOnToolsVersion = 8.2.1;
						DevelopmentTeam = 52U6XAJSSF;
						LastSwiftMigration = 0820;
						ProvisioningStyle = Automatic;
					};
					863A53581E6B0D7C00D89F24 = {
						CreatedOnToolsVersion = 8.2.1;
						DevelopmentTeam = 52U6XAJSSF;
						ProvisioningStyle = Automatic;
						TestTargetID = 863A533F1E6B0D7C00D89F24;
					};
					863A53631E6B0D7C00D89F24 = {
						CreatedOnToolsVersion = 8.2.1;
						DevelopmentTeam = 52U6XAJSSF;
						ProvisioningStyle = Automatic;
						TestTargetID = 863A533F1E6B0D7C00D89F24;
					};
				};
			};
			buildConfigurationList = 863A533B1E6B0D7C00D89F24 /* Build configuration list for PBXProject "Schulzzug-iOS" */;
			compatibilityVersion = "Xcode 3.2";
			developmentRegion = English;
			hasScannedForEncodings = 0;
			knownRegions = (
				en,
				Base,
			);
			mainGroup = 863A53371E6B0D7C00D89F24;
			productRefGroup = 863A53411E6B0D7C00D89F24 /* Products */;
			projectDirPath = "";
			projectRoot = "";
			targets = (
				863A533F1E6B0D7C00D89F24 /* Schulzzug-iOS */,
				863A53581E6B0D7C00D89F24 /* Schulzzug-iOSTests */,
				863A53631E6B0D7C00D89F24 /* Schulzzug-iOSUITests */,
			);
		};
/* End PBXProject section */

/* Begin PBXResourcesBuildPhase section */
		863A533E1E6B0D7C00D89F24 /* Resources */ = {
			isa = PBXResourcesBuildPhase;
			buildActionMask = 2147483647;
			files = (
				863A53531E6B0D7C00D89F24 /* LaunchScreen.storyboard in Resources */,
				863A53501E6B0D7C00D89F24 /* Assets.xcassets in Resources */,
				863A534E1E6B0D7C00D89F24 /* Main.storyboard in Resources */,
			);
			runOnlyForDeploymentPostprocessing = 0;
		};
		863A53571E6B0D7C00D89F24 /* Resources */ = {
			isa = PBXResourcesBuildPhase;
			buildActionMask = 2147483647;
			files = (
			);
			runOnlyForDeploymentPostprocessing = 0;
		};
		863A53621E6B0D7C00D89F24 /* Resources */ = {
			isa = PBXResourcesBuildPhase;
			buildActionMask = 2147483647;
			files = (
			);
			runOnlyForDeploymentPostprocessing = 0;
		};
/* End PBXResourcesBuildPhase section */

/* Begin PBXShellScriptBuildPhase section */
		83B9587B1E6B430C00B72434 /* Copy Frameworks */ = {
			isa = PBXShellScriptBuildPhase;
			buildActionMask = 2147483647;
			files = (
			);
			inputPaths = (
				"$(SRCROOT)/Carthage/Build/iOS/Alamofire.framework",
				"$(SRCROOT)/Carthage/Build/iOS/KeychainAccess.framework",
			);
			name = "Copy Frameworks";
			outputPaths = (
			);
			runOnlyForDeploymentPostprocessing = 0;
			shellPath = /bin/sh;
			shellScript = "/usr/local/bin/carthage copy-frameworks";
		};
/* End PBXShellScriptBuildPhase section */

/* Begin PBXSourcesBuildPhase section */
		863A533C1E6B0D7C00D89F24 /* Sources */ = {
			isa = PBXSourcesBuildPhase;
			buildActionMask = 2147483647;
			files = (
				83B958731E6B1F1900B72434 /* Game.swift in Sources */,
				83B958751E6B21B000B72434 /* Level.swift in Sources */,
				83B958831E6B4B4700B72434 /* LeaderboardViewController.swift in Sources */,
				863A53781E6B0F9B00D89F24 /* GameViewController.m in Sources */,
				83B9588A1E6B61C000B72434 /* CoinNode.m in Sources */,
				83B958871E6B540200B72434 /* UIAlertControllerExtension.swift in Sources */,
				863A534B1E6B0D7C00D89F24 /* ViewController.m in Sources */,
				83B9587F1E6B456700B72434 /* Router.swift in Sources */,
				83B958851E6B509A00B72434 /* ResponseObjectSerializable.swift in Sources */,
				83B9587D1E6B436000B72434 /* DataProvider.swift in Sources */,
				863A537E1E6B1A2900D89F24 /* GameScene.m in Sources */,
				863A538D1E6B201100D89F24 /* BackgroundParallax.m in Sources */,
				863A53841E6B1FB200D89F24 /* RailsNode.m in Sources */,
				863A53481E6B0D7C00D89F24 /* AppDelegate.m in Sources */,
				863A53451E6B0D7C00D89F24 /* main.m in Sources */,
			);
			runOnlyForDeploymentPostprocessing = 0;
		};
		863A53551E6B0D7C00D89F24 /* Sources */ = {
			isa = PBXSourcesBuildPhase;
			buildActionMask = 2147483647;
			files = (
				863A535E1E6B0D7C00D89F24 /* Schulzzug_iOSTests.m in Sources */,
			);
			runOnlyForDeploymentPostprocessing = 0;
		};
		863A53601E6B0D7C00D89F24 /* Sources */ = {
			isa = PBXSourcesBuildPhase;
			buildActionMask = 2147483647;
			files = (
				863A53691E6B0D7C00D89F24 /* Schulzzug_iOSUITests.m in Sources */,
			);
			runOnlyForDeploymentPostprocessing = 0;
		};
/* End PBXSourcesBuildPhase section */

/* Begin PBXTargetDependency section */
		863A535B1E6B0D7C00D89F24 /* PBXTargetDependency */ = {
			isa = PBXTargetDependency;
			target = 863A533F1E6B0D7C00D89F24 /* Schulzzug-iOS */;
			targetProxy = 863A535A1E6B0D7C00D89F24 /* PBXContainerItemProxy */;
		};
		863A53661E6B0D7C00D89F24 /* PBXTargetDependency */ = {
			isa = PBXTargetDependency;
			target = 863A533F1E6B0D7C00D89F24 /* Schulzzug-iOS */;
			targetProxy = 863A53651E6B0D7C00D89F24 /* PBXContainerItemProxy */;
		};
/* End PBXTargetDependency section */

/* Begin PBXVariantGroup section */
		863A534C1E6B0D7C00D89F24 /* Main.storyboard */ = {
			isa = PBXVariantGroup;
			children = (
				863A534D1E6B0D7C00D89F24 /* Base */,
			);
			name = Main.storyboard;
			sourceTree = "<group>";
		};
		863A53511E6B0D7C00D89F24 /* LaunchScreen.storyboard */ = {
			isa = PBXVariantGroup;
			children = (
				863A53521E6B0D7C00D89F24 /* Base */,
			);
			name = LaunchScreen.storyboard;
			sourceTree = "<group>";
		};
/* End PBXVariantGroup section */

/* Begin XCBuildConfiguration section */
		863A536B1E6B0D7C00D89F24 /* Debug */ = {
			isa = XCBuildConfiguration;
			buildSettings = {
				ALWAYS_SEARCH_USER_PATHS = NO;
				CLANG_ANALYZER_NONNULL = YES;
				CLANG_CXX_LANGUAGE_STANDARD = "gnu++0x";
				CLANG_CXX_LIBRARY = "libc++";
				CLANG_ENABLE_MODULES = YES;
				CLANG_ENABLE_OBJC_ARC = YES;
				CLANG_WARN_BOOL_CONVERSION = YES;
				CLANG_WARN_CONSTANT_CONVERSION = YES;
				CLANG_WARN_DIRECT_OBJC_ISA_USAGE = YES_ERROR;
				CLANG_WARN_DOCUMENTATION_COMMENTS = YES;
				CLANG_WARN_EMPTY_BODY = YES;
				CLANG_WARN_ENUM_CONVERSION = YES;
				CLANG_WARN_INFINITE_RECURSION = YES;
				CLANG_WARN_INT_CONVERSION = YES;
				CLANG_WARN_OBJC_ROOT_CLASS = YES_ERROR;
				CLANG_WARN_SUSPICIOUS_MOVE = YES;
				CLANG_WARN_UNREACHABLE_CODE = YES;
				CLANG_WARN__DUPLICATE_METHOD_MATCH = YES;
				"CODE_SIGN_IDENTITY[sdk=iphoneos*]" = "iPhone Developer";
				COPY_PHASE_STRIP = NO;
				DEBUG_INFORMATION_FORMAT = dwarf;
				ENABLE_STRICT_OBJC_MSGSEND = YES;
				ENABLE_TESTABILITY = YES;
				GCC_C_LANGUAGE_STANDARD = gnu99;
				GCC_DYNAMIC_NO_PIC = NO;
				GCC_NO_COMMON_BLOCKS = YES;
				GCC_OPTIMIZATION_LEVEL = 0;
				GCC_PREPROCESSOR_DEFINITIONS = (
					"DEBUG=1",
					"$(inherited)",
				);
				GCC_WARN_64_TO_32_BIT_CONVERSION = YES;
				GCC_WARN_ABOUT_RETURN_TYPE = YES_ERROR;
				GCC_WARN_UNDECLARED_SELECTOR = YES;
				GCC_WARN_UNINITIALIZED_AUTOS = YES_AGGRESSIVE;
				GCC_WARN_UNUSED_FUNCTION = YES;
				GCC_WARN_UNUSED_VARIABLE = YES;
				IPHONEOS_DEPLOYMENT_TARGET = 10.2;
				MTL_ENABLE_DEBUG_INFO = YES;
				ONLY_ACTIVE_ARCH = YES;
				SDKROOT = iphoneos;
				TARGETED_DEVICE_FAMILY = "1,2";
			};
			name = Debug;
		};
		863A536C1E6B0D7C00D89F24 /* Release */ = {
			isa = XCBuildConfiguration;
			buildSettings = {
				ALWAYS_SEARCH_USER_PATHS = NO;
				CLANG_ANALYZER_NONNULL = YES;
				CLANG_CXX_LANGUAGE_STANDARD = "gnu++0x";
				CLANG_CXX_LIBRARY = "libc++";
				CLANG_ENABLE_MODULES = YES;
				CLANG_ENABLE_OBJC_ARC = YES;
				CLANG_WARN_BOOL_CONVERSION = YES;
				CLANG_WARN_CONSTANT_CONVERSION = YES;
				CLANG_WARN_DIRECT_OBJC_ISA_USAGE = YES_ERROR;
				CLANG_WARN_DOCUMENTATION_COMMENTS = YES;
				CLANG_WARN_EMPTY_BODY = YES;
				CLANG_WARN_ENUM_CONVERSION = YES;
				CLANG_WARN_INFINITE_RECURSION = YES;
				CLANG_WARN_INT_CONVERSION = YES;
				CLANG_WARN_OBJC_ROOT_CLASS = YES_ERROR;
				CLANG_WARN_SUSPICIOUS_MOVE = YES;
				CLANG_WARN_UNREACHABLE_CODE = YES;
				CLANG_WARN__DUPLICATE_METHOD_MATCH = YES;
				"CODE_SIGN_IDENTITY[sdk=iphoneos*]" = "iPhone Developer";
				COPY_PHASE_STRIP = NO;
				DEBUG_INFORMATION_FORMAT = "dwarf-with-dsym";
				ENABLE_NS_ASSERTIONS = NO;
				ENABLE_STRICT_OBJC_MSGSEND = YES;
				GCC_C_LANGUAGE_STANDARD = gnu99;
				GCC_NO_COMMON_BLOCKS = YES;
				GCC_WARN_64_TO_32_BIT_CONVERSION = YES;
				GCC_WARN_ABOUT_RETURN_TYPE = YES_ERROR;
				GCC_WARN_UNDECLARED_SELECTOR = YES;
				GCC_WARN_UNINITIALIZED_AUTOS = YES_AGGRESSIVE;
				GCC_WARN_UNUSED_FUNCTION = YES;
				GCC_WARN_UNUSED_VARIABLE = YES;
				IPHONEOS_DEPLOYMENT_TARGET = 10.2;
				MTL_ENABLE_DEBUG_INFO = NO;
				SDKROOT = iphoneos;
				TARGETED_DEVICE_FAMILY = "1,2";
				VALIDATE_PRODUCT = YES;
			};
			name = Release;
		};
		863A536E1E6B0D7C00D89F24 /* Debug */ = {
			isa = XCBuildConfiguration;
			buildSettings = {
				ASSETCATALOG_COMPILER_APPICON_NAME = AppIcon;
				CLANG_ENABLE_MODULES = YES;
				DEVELOPMENT_TEAM = 52U6XAJSSF;
				FRAMEWORK_SEARCH_PATHS = (
					"$(inherited)",
					"$(PROJECT_DIR)/Carthage/Build/iOS",
				);
				INFOPLIST_FILE = "Schulzzug-iOS/Info.plist";
				LD_RUNPATH_SEARCH_PATHS = "$(inherited) @executable_path/Frameworks";
				LIBRARY_SEARCH_PATHS = (
					"$(inherited)",
					"$(PROJECT_DIR)/Carthage/Build/iOS/Alamofire.framework",
				);
				PRODUCT_BUNDLE_IDENTIFIER = "io.frogg.Schulzzug-iOS";
				PRODUCT_NAME = "$(TARGET_NAME)";
				SWIFT_OBJC_BRIDGING_HEADER = "Schulzzug-iOS/Schulzzug-iOS-Bridging-Header.h";
				SWIFT_OPTIMIZATION_LEVEL = "-Onone";
				SWIFT_VERSION = 3.0;
			};
			name = Debug;
		};
		863A536F1E6B0D7C00D89F24 /* Release */ = {
			isa = XCBuildConfiguration;
			buildSettings = {
				ASSETCATALOG_COMPILER_APPICON_NAME = AppIcon;
				CLANG_ENABLE_MODULES = YES;
				DEVELOPMENT_TEAM = 52U6XAJSSF;
				FRAMEWORK_SEARCH_PATHS = (
					"$(inherited)",
					"$(PROJECT_DIR)/Carthage/Build/iOS",
				);
				INFOPLIST_FILE = "Schulzzug-iOS/Info.plist";
				LD_RUNPATH_SEARCH_PATHS = "$(inherited) @executable_path/Frameworks";
				LIBRARY_SEARCH_PATHS = (
					"$(inherited)",
					"$(PROJECT_DIR)/Carthage/Build/iOS/Alamofire.framework",
				);
				PRODUCT_BUNDLE_IDENTIFIER = "io.frogg.Schulzzug-iOS";
				PRODUCT_NAME = "$(TARGET_NAME)";
				SWIFT_OBJC_BRIDGING_HEADER = "Schulzzug-iOS/Schulzzug-iOS-Bridging-Header.h";
				SWIFT_VERSION = 3.0;
			};
			name = Release;
		};
		863A53711E6B0D7C00D89F24 /* Debug */ = {
			isa = XCBuildConfiguration;
			buildSettings = {
				ALWAYS_EMBED_SWIFT_STANDARD_LIBRARIES = YES;
				BUNDLE_LOADER = "$(TEST_HOST)";
				DEVELOPMENT_TEAM = 52U6XAJSSF;
				INFOPLIST_FILE = "Schulzzug-iOSTests/Info.plist";
				LD_RUNPATH_SEARCH_PATHS = "$(inherited) @executable_path/Frameworks @loader_path/Frameworks";
				PRODUCT_BUNDLE_IDENTIFIER = "io.frogg.Schulzzug-iOSTests";
				PRODUCT_NAME = "$(TARGET_NAME)";
				TEST_HOST = "$(BUILT_PRODUCTS_DIR)/Schulzzug-iOS.app/Schulzzug-iOS";
			};
			name = Debug;
		};
		863A53721E6B0D7C00D89F24 /* Release */ = {
			isa = XCBuildConfiguration;
			buildSettings = {
				ALWAYS_EMBED_SWIFT_STANDARD_LIBRARIES = YES;
				BUNDLE_LOADER = "$(TEST_HOST)";
				DEVELOPMENT_TEAM = 52U6XAJSSF;
				INFOPLIST_FILE = "Schulzzug-iOSTests/Info.plist";
				LD_RUNPATH_SEARCH_PATHS = "$(inherited) @executable_path/Frameworks @loader_path/Frameworks";
				PRODUCT_BUNDLE_IDENTIFIER = "io.frogg.Schulzzug-iOSTests";
				PRODUCT_NAME = "$(TARGET_NAME)";
				TEST_HOST = "$(BUILT_PRODUCTS_DIR)/Schulzzug-iOS.app/Schulzzug-iOS";
			};
			name = Release;
		};
		863A53741E6B0D7C00D89F24 /* Debug */ = {
			isa = XCBuildConfiguration;
			buildSettings = {
				ALWAYS_EMBED_SWIFT_STANDARD_LIBRARIES = YES;
				DEVELOPMENT_TEAM = 52U6XAJSSF;
				INFOPLIST_FILE = "Schulzzug-iOSUITests/Info.plist";
				LD_RUNPATH_SEARCH_PATHS = "$(inherited) @executable_path/Frameworks @loader_path/Frameworks";
				PRODUCT_BUNDLE_IDENTIFIER = "io.frogg.Schulzzug-iOSUITests";
				PRODUCT_NAME = "$(TARGET_NAME)";
				TEST_TARGET_NAME = "Schulzzug-iOS";
			};
			name = Debug;
		};
		863A53751E6B0D7C00D89F24 /* Release */ = {
			isa = XCBuildConfiguration;
			buildSettings = {
				ALWAYS_EMBED_SWIFT_STANDARD_LIBRARIES = YES;
				DEVELOPMENT_TEAM = 52U6XAJSSF;
				INFOPLIST_FILE = "Schulzzug-iOSUITests/Info.plist";
				LD_RUNPATH_SEARCH_PATHS = "$(inherited) @executable_path/Frameworks @loader_path/Frameworks";
				PRODUCT_BUNDLE_IDENTIFIER = "io.frogg.Schulzzug-iOSUITests";
				PRODUCT_NAME = "$(TARGET_NAME)";
				TEST_TARGET_NAME = "Schulzzug-iOS";
			};
			name = Release;
		};
/* End XCBuildConfiguration section */

/* Begin XCConfigurationList section */
		863A533B1E6B0D7C00D89F24 /* Build configuration list for PBXProject "Schulzzug-iOS" */ = {
			isa = XCConfigurationList;
			buildConfigurations = (
				863A536B1E6B0D7C00D89F24 /* Debug */,
				863A536C1E6B0D7C00D89F24 /* Release */,
			);
			defaultConfigurationIsVisible = 0;
			defaultConfigurationName = Release;
		};
		863A536D1E6B0D7C00D89F24 /* Build configuration list for PBXNativeTarget "Schulzzug-iOS" */ = {
			isa = XCConfigurationList;
			buildConfigurations = (
				863A536E1E6B0D7C00D89F24 /* Debug */,
				863A536F1E6B0D7C00D89F24 /* Release */,
			);
			defaultConfigurationIsVisible = 0;
			defaultConfigurationName = Release;
		};
		863A53701E6B0D7C00D89F24 /* Build configuration list for PBXNativeTarget "Schulzzug-iOSTests" */ = {
			isa = XCConfigurationList;
			buildConfigurations = (
				863A53711E6B0D7C00D89F24 /* Debug */,
				863A53721E6B0D7C00D89F24 /* Release */,
			);
			defaultConfigurationIsVisible = 0;
			defaultConfigurationName = Release;
		};
		863A53731E6B0D7C00D89F24 /* Build configuration list for PBXNativeTarget "Schulzzug-iOSUITests" */ = {
			isa = XCConfigurationList;
			buildConfigurations = (
				863A53741E6B0D7C00D89F24 /* Debug */,
				863A53751E6B0D7C00D89F24 /* Release */,
			);
			defaultConfigurationIsVisible = 0;
			defaultConfigurationName = Release;
		};
/* End XCConfigurationList section */
	};
	rootObject = 863A53381E6B0D7C00D89F24 /* Project object */;
}
